
Microsoft Visual Studio Solution File, Format Version 12.00
# Visual Studio Version 17
VisualStudioVersion = 17.14.36401.2 d17.14
MinimumVisualStudioVersion = 10.0.40219.1
Project("{F184B08F-C81C-45F6-A57F-5ABD9991F28F}") = "SistemaVentasVBNet", "SistemaVentasVBNet\SistemaVentasVBNet.vbproj", "{4D25296D-B8DF-44A1-8145-0EFAA3ABDAFC}"
EndProject
Global
	GlobalSection(SolutionConfigurationPlatforms) = preSolution
		Debug|Any CPU = Debug|Any CPU
		Release|Any CPU = Release|Any CPU
	EndGlobalSection
	GlobalSection(ProjectConfigurationPlatforms) = postSolution
		{4D25296D-B8DF-44A1-8145-0EFAA3ABDAFC}.Debug|Any CPU.ActiveCfg = Debug|Any CPU
		{4D25296D-B8DF-44A1-8145-0EFAA3ABDAFC}.Debug|Any CPU.Build.0 = Debug|Any CPU
		{4D25296D-B8DF-44A1-8145-0EFAA3ABDAFC}.Release|Any CPU.ActiveCfg = Release|Any CPU
		{4D25296D-B8DF-44A1-8145-0EFAA3ABDAFC}.Release|Any CPU.Build.0 = Release|Any CPU
	EndGlobalSection
	GlobalSection(SolutionProperties) = preSolution
		HideSolutionNode = FALSE
	EndGlobalSection
	GlobalSection(ExtensibilityGlobals) = postSolution
		SolutionGuid = {CFE74076-E522-4C1A-81BC-BA0FD1CDF164}
	EndGlobalSection
EndGlobal
